// !$*UTF8*$!
{
	archiveVersion = 1;
	classes = {
	};
	objectVersion = 60;
	objects = {

/* Begin PBXBuildFile section */
		/* App source files */
		SRC_APP001 /* App.swift in Sources */ = {isa = PBXBuildFile; fileRef = FILE_APP001 /* App.swift */; };
		SRC_CMD001 /* AppCommands.swift in Sources */ = {isa = PBXBuildFile; fileRef = FILE_CMD001 /* AppCommands.swift */; };
		SRC_CMP001 /* ColorPickerPopover.swift in Sources */ = {isa = PBXBuildFile; fileRef = FILE_CMP001 /* ColorPickerPopover.swift */; };
		SRC_CMP002 /* DataDetectingTextEditor.swift in Sources */ = {isa = PBXBuildFile; fileRef = FILE_CMP002 /* DataDetectingTextEditor.swift */; };
		SRC_CMP003 /* VisualEffectView.swift in Sources */ = {isa = PBXBuildFile; fileRef = FILE_CMP003 /* VisualEffectView.swift */; };
		SRC_MDL001 /* ExportModels.swift in Sources */ = {isa = PBXBuildFile; fileRef = FILE_MDL001 /* ExportModels.swift */; };
		SRC_MDL002 /* SwiftDataModels.swift in Sources */ = {isa = PBXBuildFile; fileRef = FILE_MDL002 /* SwiftDataModels.swift */; };
		SRC_STR001 /* TaskStore.swift in Sources */ = {isa = PBXBuildFile; fileRef = FILE_STR001 /* TaskStore.swift */; };
		SRC_UTL001 /* ColorExtension.swift in Sources */ = {isa = PBXBuildFile; fileRef = FILE_UTL001 /* ColorExtension.swift */; };
		SRC_UTL002 /* DateFormatters.swift in Sources */ = {isa = PBXBuildFile; fileRef = FILE_UTL002 /* DateFormatters.swift */; };
		SRC_UTL003 /* HotkeyManager.swift in Sources */ = {isa = PBXBuildFile; fileRef = FILE_UTL003 /* HotkeyManager.swift */; };
		SRC_UTL004 /* Theme.swift in Sources */ = {isa = PBXBuildFile; fileRef = FILE_UTL004 /* Theme.swift */; };
		SRC_VW001 /* FocusWindowView.swift in Sources */ = {isa = PBXBuildFile; fileRef = FILE_VW001 /* FocusWindowView.swift */; };
		SRC_VW002 /* RichTextEditor.swift in Sources */ = {isa = PBXBuildFile; fileRef = FILE_VW002 /* RichTextEditor.swift */; };
		SRC_VW003 /* SubtaskViews.swift in Sources */ = {isa = PBXBuildFile; fileRef = FILE_VW003 /* SubtaskViews.swift */; };
		SRC_VW004 /* TabBarView.swift in Sources */ = {isa = PBXBuildFile; fileRef = FILE_VW004 /* TabBarView.swift */; };
		SRC_VW005 /* TaskBlockView.swift in Sources */ = {isa = PBXBuildFile; fileRef = FILE_VW005 /* TaskBlockView.swift */; };
		SRC_VW006 /* TaskScratchpadView.swift in Sources */ = {isa = PBXBuildFile; fileRef = FILE_VW006 /* TaskScratchpadView.swift */; };
		/* Resource files */
		RES_ICON001 /* AppIcon.icns in Resources */ = {isa = PBXBuildFile; fileRef = FILE_ICON001 /* AppIcon.icns */; };
		/* UI Test files */
		UI001 /* TaskScratchpadUITests.swift in Sources */ = {isa = PBXBuildFile; fileRef = UI002 /* TaskScratchpadUITests.swift */; };
		UI003 /* TaskScratchpadUITestsLaunchTests.swift in Sources */ = {isa = PBXBuildFile; fileRef = UI004 /* TaskScratchpadUITestsLaunchTests.swift */; };
/* End PBXBuildFile section */

/* Begin PBXContainerItemProxy section */
		UI010 /* PBXContainerItemProxy */ = {
			isa = PBXContainerItemProxy;
			containerPortal = ROOT001 /* Project object */;
			proxyType = 1;
			remoteGlobalIDString = APP001;
			remoteInfo = TaskScratchpad;
		};
/* End PBXContainerItemProxy section */

/* Begin PBXCopyFilesBuildPhase section */
		APP013 /* Embed Frameworks */ = {
			isa = PBXCopyFilesBuildPhase;
			buildActionMask = 2147483647;
			dstPath = "";
			dstSubfolderSpec = 10;
			files = (
			);
			name = "Embed Frameworks";
			runOnlyForDeploymentPostprocessing = 0;
		};
/* End PBXCopyFilesBuildPhase section */

/* Begin PBXFileReference section */
		/* Products */
		APP002 /* TaskScratchpad.app */ = {isa = PBXFileReference; explicitFileType = wrapper.application; includeInIndex = 0; path = TaskScratchpad.app; sourceTree = BUILT_PRODUCTS_DIR; };
		UI005 /* TaskScratchpadUITests.xctest */ = {isa = PBXFileReference; explicitFileType = wrapper.cfbundle; includeInIndex = 0; path = TaskScratchpadUITests.xctest; sourceTree = BUILT_PRODUCTS_DIR; };
		/* App source files */
		FILE_APP001 /* App.swift */ = {isa = PBXFileReference; lastKnownFileType = sourcecode.swift; path = App.swift; sourceTree = "<group>"; };
		FILE_CMD001 /* AppCommands.swift */ = {isa = PBXFileReference; lastKnownFileType = sourcecode.swift; path = AppCommands.swift; sourceTree = "<group>"; };
		FILE_CMP001 /* ColorPickerPopover.swift */ = {isa = PBXFileReference; lastKnownFileType = sourcecode.swift; path = ColorPickerPopover.swift; sourceTree = "<group>"; };
		FILE_CMP002 /* DataDetectingTextEditor.swift */ = {isa = PBXFileReference; lastKnownFileType = sourcecode.swift; path = DataDetectingTextEditor.swift; sourceTree = "<group>"; };
		FILE_CMP003 /* VisualEffectView.swift */ = {isa = PBXFileReference; lastKnownFileType = sourcecode.swift; path = VisualEffectView.swift; sourceTree = "<group>"; };
		FILE_MDL001 /* ExportModels.swift */ = {isa = PBXFileReference; lastKnownFileType = sourcecode.swift; path = ExportModels.swift; sourceTree = "<group>"; };
		FILE_MDL002 /* SwiftDataModels.swift */ = {isa = PBXFileReference; lastKnownFileType = sourcecode.swift; path = SwiftDataModels.swift; sourceTree = "<group>"; };
		FILE_STR001 /* TaskStore.swift */ = {isa = PBXFileReference; lastKnownFileType = sourcecode.swift; path = TaskStore.swift; sourceTree = "<group>"; };
		FILE_UTL001 /* ColorExtension.swift */ = {isa = PBXFileReference; lastKnownFileType = sourcecode.swift; path = ColorExtension.swift; sourceTree = "<group>"; };
		FILE_UTL002 /* DateFormatters.swift */ = {isa = PBXFileReference; lastKnownFileType = sourcecode.swift; path = DateFormatters.swift; sourceTree = "<group>"; };
		FILE_UTL003 /* HotkeyManager.swift */ = {isa = PBXFileReference; lastKnownFileType = sourcecode.swift; path = HotkeyManager.swift; sourceTree = "<group>"; };
		FILE_UTL004 /* Theme.swift */ = {isa = PBXFileReference; lastKnownFileType = sourcecode.swift; path = Theme.swift; sourceTree = "<group>"; };
		FILE_VW001 /* FocusWindowView.swift */ = {isa = PBXFileReference; lastKnownFileType = sourcecode.swift; path = FocusWindowView.swift; sourceTree = "<group>"; };
		FILE_VW002 /* RichTextEditor.swift */ = {isa = PBXFileReference; lastKnownFileType = sourcecode.swift; path = RichTextEditor.swift; sourceTree = "<group>"; };
		FILE_VW003 /* SubtaskViews.swift */ = {isa = PBXFileReference; lastKnownFileType = sourcecode.swift; path = SubtaskViews.swift; sourceTree = "<group>"; };
		FILE_VW004 /* TabBarView.swift */ = {isa = PBXFileReference; lastKnownFileType = sourcecode.swift; path = TabBarView.swift; sourceTree = "<group>"; };
		FILE_VW005 /* TaskBlockView.swift */ = {isa = PBXFileReference; lastKnownFileType = sourcecode.swift; path = TaskBlockView.swift; sourceTree = "<group>"; };
		FILE_VW006 /* TaskScratchpadView.swift */ = {isa = PBXFileReference; lastKnownFileType = sourcecode.swift; path = TaskScratchpadView.swift; sourceTree = "<group>"; };
		/* Resources */
		FILE_ICON001 /* AppIcon.icns */ = {isa = PBXFileReference; lastKnownFileType = image.icns; path = AppIcon.icns; sourceTree = "<group>"; };
		/* UI Test files */
		UI002 /* TaskScratchpadUITests.swift */ = {isa = PBXFileReference; lastKnownFileType = sourcecode.swift; path = TaskScratchpadUITests.swift; sourceTree = "<group>"; };
		UI004 /* TaskScratchpadUITestsLaunchTests.swift */ = {isa = PBXFileReference; lastKnownFileType = sourcecode.swift; path = TaskScratchpadUITestsLaunchTests.swift; sourceTree = "<group>"; };
/* End PBXFileReference section */

/* Begin PBXFrameworksBuildPhase section */
		APP011 /* Frameworks */ = {
			isa = PBXFrameworksBuildPhase;
			buildActionMask = 2147483647;
			files = (
			);
			runOnlyForDeploymentPostprocessing = 0;
		};
		UI020 /* Frameworks */ = {
			isa = PBXFrameworksBuildPhase;
			buildActionMask = 2147483647;
			files = (
			);
			runOnlyForDeploymentPostprocessing = 0;
		};
/* End PBXFrameworksBuildPhase section */

/* Begin PBXGroup section */
		ROOT002 = {
			isa = PBXGroup;
			children = (
				SRC001 /* Sources */,
				RES001 /* Resources */,
				TST001 /* Tests */,
				PRD001 /* Products */,
			);
			sourceTree = "<group>";
		};
		PRD001 /* Products */ = {
			isa = PBXGroup;
			children = (
				APP002 /* TaskScratchpad.app */,
				UI005 /* TaskScratchpadUITests.xctest */,
			);
			name = Products;
			sourceTree = "<group>";
		};
		SRC001 /* Sources */ = {
			isa = PBXGroup;
			children = (
				SRC002 /* TaskScratchpad */,
			);
			path = Sources;
			sourceTree = "<group>";
		};
		SRC002 /* TaskScratchpad */ = {
			isa = PBXGroup;
			children = (
				FILE_APP001 /* App.swift */,
				GRP_CMD /* Commands */,
				GRP_CMP /* Components */,
				GRP_MDL /* Models */,
				GRP_STR /* Store */,
				GRP_UTL /* Utilities */,
				GRP_VW /* Views */,
			);
			path = TaskScratchpad;
			sourceTree = "<group>";
		};
		GRP_CMD /* Commands */ = {
			isa = PBXGroup;
			children = (
				FILE_CMD001 /* AppCommands.swift */,
			);
			path = Commands;
			sourceTree = "<group>";
		};
		GRP_CMP /* Components */ = {
			isa = PBXGroup;
			children = (
				FILE_CMP001 /* ColorPickerPopover.swift */,
				FILE_CMP002 /* DataDetectingTextEditor.swift */,
				FILE_CMP003 /* VisualEffectView.swift */,
			);
			path = Components;
			sourceTree = "<group>";
		};
		GRP_MDL /* Models */ = {
			isa = PBXGroup;
			children = (
				FILE_MDL001 /* ExportModels.swift */,
				FILE_MDL002 /* SwiftDataModels.swift */,
			);
			path = Models;
			sourceTree = "<group>";
		};
		GRP_STR /* Store */ = {
			isa = PBXGroup;
			children = (
				FILE_STR001 /* TaskStore.swift */,
			);
			path = Store;
			sourceTree = "<group>";
		};
		GRP_UTL /* Utilities */ = {
			isa = PBXGroup;
			children = (
				FILE_UTL001 /* ColorExtension.swift */,
				FILE_UTL002 /* DateFormatters.swift */,
				FILE_UTL003 /* HotkeyManager.swift */,
				FILE_UTL004 /* Theme.swift */,
			);
			path = Utilities;
			sourceTree = "<group>";
		};
		GRP_VW /* Views */ = {
			isa = PBXGroup;
			children = (
				FILE_VW001 /* FocusWindowView.swift */,
				FILE_VW002 /* RichTextEditor.swift */,
				FILE_VW003 /* SubtaskViews.swift */,
				FILE_VW004 /* TabBarView.swift */,
				FILE_VW005 /* TaskBlockView.swift */,
				FILE_VW006 /* TaskScratchpadView.swift */,
			);
			path = Views;
			sourceTree = "<group>";
		};
		RES001 /* Resources */ = {
			isa = PBXGroup;
			children = (
				FILE_ICON001 /* AppIcon.icns */,
			);
			path = Resources;
			sourceTree = "<group>";
		};
		TST001 /* Tests */ = {
			isa = PBXGroup;
			children = (
				UI006 /* TaskScratchpadUITests */,
			);
			path = Tests;
			sourceTree = "<group>";
		};
		UI006 /* TaskScratchpadUITests */ = {
			isa = PBXGroup;
			children = (
				UI002 /* TaskScratchpadUITests.swift */,
				UI004 /* TaskScratchpadUITestsLaunchTests.swift */,
			);
			path = TaskScratchpadUITests;
			sourceTree = "<group>";
		};
/* End PBXGroup section */

/* Begin PBXNativeTarget section */
		APP001 /* TaskScratchpad */ = {
			isa = PBXNativeTarget;
			buildConfigurationList = CFG001 /* Build configuration list for PBXNativeTarget "TaskScratchpad" */;
			buildPhases = (
				APP010 /* Sources */,
				APP011 /* Frameworks */,
				APP012 /* Resources */,
				APP013 /* Embed Frameworks */,
			);
			buildRules = (
			);
			dependencies = (
			);
			name = TaskScratchpad;
			packageProductDependencies = (
			);
			productName = TaskScratchpad;
			productReference = APP002 /* TaskScratchpad.app */;
			productType = "com.apple.product-type.application";
		};
		UI007 /* TaskScratchpadUITests */ = {
			isa = PBXNativeTarget;
			buildConfigurationList = CFG002 /* Build configuration list for PBXNativeTarget "TaskScratchpadUITests" */;
			buildPhases = (
				UI021 /* Sources */,
				UI020 /* Frameworks */,
				UI022 /* Resources */,
			);
			buildRules = (
			);
			dependencies = (
				UI011 /* PBXTargetDependency */,
			);
			name = TaskScratchpadUITests;
			productName = TaskScratchpadUITests;
			productReference = UI005 /* TaskScratchpadUITests.xctest */;
			productType = "com.apple.product-type.bundle.ui-testing";
		};
/* End PBXNativeTarget section */

/* Begin PBXProject section */
		ROOT001 /* Project object */ = {
			isa = PBXProject;
			attributes = {
				BuildIndependentTargetsInParallel = 1;
				LastSwiftUpdateCheck = 1500;
				LastUpgradeCheck = 1500;
				TargetAttributes = {
					APP001 = {
						CreatedOnToolsVersion = 15.0;
					};
					UI007 = {
						CreatedOnToolsVersion = 15.0;
						TestTargetID = APP001;
					};
				};
			};
			buildConfigurationList = CFG003 /* Build configuration list for PBXProject "TaskScratchpad" */;
			compatibilityVersion = "Xcode 14.0";
			developmentRegion = en;
			hasScannedForEncodings = 0;
			knownRegions = (
				en,
				Base,
			);
			mainGroup = ROOT002;
			packageReferences = (
			);
			productRefGroup = PRD001 /* Products */;
			projectDirPath = "";
			projectRoot = "";
			targets = (
				APP001 /* TaskScratchpad */,
				UI007 /* TaskScratchpadUITests */,
			);
		};
/* End PBXProject section */

/* Begin PBXResourcesBuildPhase section */
		APP012 /* Resources */ = {
			isa = PBXResourcesBuildPhase;
			buildActionMask = 2147483647;
			files = (
				RES_ICON001 /* AppIcon.icns in Resources */,
			);
			runOnlyForDeploymentPostprocessing = 0;
		};
		UI022 /* Resources */ = {
			isa = PBXResourcesBuildPhase;
			buildActionMask = 2147483647;
			files = (
			);
			runOnlyForDeploymentPostprocessing = 0;
		};
/* End PBXResourcesBuildPhase section */

/* Begin PBXSourcesBuildPhase section */
		APP010 /* Sources */ = {
			isa = PBXSourcesBuildPhase;
			buildActionMask = 2147483647;
			files = (
				SRC_APP001 /* App.swift in Sources */,
				SRC_CMD001 /* AppCommands.swift in Sources */,
				SRC_CMP001 /* ColorPickerPopover.swift in Sources */,
				SRC_CMP002 /* DataDetectingTextEditor.swift in Sources */,
				SRC_CMP003 /* VisualEffectView.swift in Sources */,
				SRC_MDL001 /* ExportModels.swift in Sources */,
				SRC_MDL002 /* SwiftDataModels.swift in Sources */,
				SRC_STR001 /* TaskStore.swift in Sources */,
				SRC_UTL001 /* ColorExtension.swift in Sources */,
				SRC_UTL002 /* DateFormatters.swift in Sources */,
				SRC_UTL003 /* HotkeyManager.swift in Sources */,
				SRC_UTL004 /* Theme.swift in Sources */,
				SRC_VW001 /* FocusWindowView.swift in Sources */,
				SRC_VW002 /* RichTextEditor.swift in Sources */,
				SRC_VW003 /* SubtaskViews.swift in Sources */,
				SRC_VW004 /* TabBarView.swift in Sources */,
				SRC_VW005 /* TaskBlockView.swift in Sources */,
				SRC_VW006 /* TaskScratchpadView.swift in Sources */,
			);
			runOnlyForDeploymentPostprocessing = 0;
		};
		UI021 /* Sources */ = {
			isa = PBXSourcesBuildPhase;
			buildActionMask = 2147483647;
			files = (
				UI001 /* TaskScratchpadUITests.swift in Sources */,
				UI003 /* TaskScratchpadUITestsLaunchTests.swift in Sources */,
			);
			runOnlyForDeploymentPostprocessing = 0;
		};
/* End PBXSourcesBuildPhase section */

/* Begin PBXTargetDependency section */
		UI011 /* PBXTargetDependency */ = {
			isa = PBXTargetDependency;
			target = APP001 /* TaskScratchpad */;
			targetProxy = UI010 /* PBXContainerItemProxy */;
		};
/* End PBXTargetDependency section */

/* Begin XCBuildConfiguration section */
		DBG001 /* Debug */ = {
			isa = XCBuildConfiguration;
			buildSettings = {
				ALWAYS_SEARCH_USER_PATHS = NO;
				ASSETCATALOG_COMPILER_GENERATE_SWIFT_ASSET_SYMBOL_EXTENSIONS = YES;
				CLANG_ANALYZER_NONNULL = YES;
				CLANG_ANALYZER_NUMBER_OBJECT_CONVERSION = YES_AGGRESSIVE;
				CLANG_CXX_LANGUAGE_STANDARD = "gnu++20";
				CLANG_ENABLE_MODULES = YES;
				CLANG_ENABLE_OBJC_ARC = YES;
				CLANG_ENABLE_OBJC_WEAK = YES;
				CLANG_WARN_BLOCK_CAPTURE_AUTORELEASING = YES;
				CLANG_WARN_BOOL_CONVERSION = YES;
				CLANG_WARN_COMMA = YES;
				CLANG_WARN_CONSTANT_CONVERSION = YES;
				CLANG_WARN_DEPRECATED_OBJC_IMPLEMENTATIONS = YES;
				CLANG_WARN_DIRECT_OBJC_ISA_USAGE = YES_ERROR;
				CLANG_WARN_DOCUMENTATION_COMMENTS = YES;
				CLANG_WARN_EMPTY_BODY = YES;
				CLANG_WARN_ENUM_CONVERSION = YES;
				CLANG_WARN_INFINITE_RECURSION = YES;
				CLANG_WARN_INT_CONVERSION = YES;
				CLANG_WARN_NON_LITERAL_NULL_CONVERSION = YES;
				CLANG_WARN_OBJC_IMPLICIT_RETAIN_SELF = YES;
				CLANG_WARN_OBJC_LITERAL_CONVERSION = YES;
				CLANG_WARN_OBJC_ROOT_CLASS = YES_ERROR;
				CLANG_WARN_QUOTED_INCLUDE_IN_FRAMEWORK_HEADER = YES;
				CLANG_WARN_RANGE_LOOP_ANALYSIS = YES;
				CLANG_WARN_STRICT_PROTOTYPES = YES;
				CLANG_WARN_SUSPICIOUS_MOVE = YES;
				CLANG_WARN_UNGUARDED_AVAILABILITY = YES_AGGRESSIVE;
				CLANG_WARN_UNREACHABLE_CODE = YES;
				CLANG_WARN__DUPLICATE_METHOD_MATCH = YES;
				COPY_PHASE_STRIP = NO;
				DEBUG_INFORMATION_FORMAT = dwarf;
				ENABLE_STRICT_OBJC_MSGSEND = YES;
				ENABLE_TESTABILITY = YES;
				ENABLE_USER_SCRIPT_SANDBOXING = YES;
				GCC_C_LANGUAGE_STANDARD = gnu17;
				GCC_DYNAMIC_NO_PIC = NO;
				GCC_NO_COMMON_BLOCKS = YES;
				GCC_OPTIMIZATION_LEVEL = 0;
				GCC_PREPROCESSOR_DEFINITIONS = (
					"DEBUG=1",
					"$(inherited)",
				);
				GCC_WARN_64_TO_32_BIT_CONVERSION = YES;
				GCC_WARN_ABOUT_RETURN_TYPE = YES_ERROR;
				GCC_WARN_UNDECLARED_SELECTOR = YES;
				GCC_WARN_UNINITIALIZED_AUTOS = YES_AGGRESSIVE;
				GCC_WARN_UNUSED_FUNCTION = YES;
				GCC_WARN_UNUSED_VARIABLE = YES;
				MACOSX_DEPLOYMENT_TARGET = 14.0;
				MTL_ENABLE_DEBUG_INFO = INCLUDE_SOURCE;
				MTL_FAST_MATH = YES;
				ONLY_ACTIVE_ARCH = YES;
				SDKROOT = macosx;
				SWIFT_ACTIVE_COMPILATION_CONDITIONS = "DEBUG $(inherited)";
				SWIFT_OPTIMIZATION_LEVEL = "-Onone";
			};
			name = Debug;
		};
		REL001 /* Release */ = {
			isa = XCBuildConfiguration;
			buildSettings = {
				ALWAYS_SEARCH_USER_PATHS = NO;
				ASSETCATALOG_COMPILER_GENERATE_SWIFT_ASSET_SYMBOL_EXTENSIONS = YES;
				CLANG_ANALYZER_NONNULL = YES;
				CLANG_ANALYZER_NUMBER_OBJECT_CONVERSION = YES_AGGRESSIVE;
				CLANG_CXX_LANGUAGE_STANDARD = "gnu++20";
				CLANG_ENABLE_MODULES = YES;
				CLANG_ENABLE_OBJC_ARC = YES;
				CLANG_ENABLE_OBJC_WEAK = YES;
				CLANG_WARN_BLOCK_CAPTURE_AUTORELEASING = YES;
				CLANG_WARN_BOOL_CONVERSION = YES;
				CLANG_WARN_COMMA = YES;
				CLANG_WARN_CONSTANT_CONVERSION = YES;
				CLANG_WARN_DEPRECATED_OBJC_IMPLEMENTATIONS = YES;
				CLANG_WARN_DIRECT_OBJC_ISA_USAGE = YES_ERROR;
				CLANG_WARN_DOCUMENTATION_COMMENTS = YES;
				CLANG_WARN_EMPTY_BODY = YES;
				CLANG_WARN_ENUM_CONVERSION = YES;
				CLANG_WARN_INFINITE_RECURSION = YES;
				CLANG_WARN_INT_CONVERSION = YES;
				CLANG_WARN_NON_LITERAL_NULL_CONVERSION = YES;
				CLANG_WARN_OBJC_IMPLICIT_RETAIN_SELF = YES;
				CLANG_WARN_OBJC_LITERAL_CONVERSION = YES;
				CLANG_WARN_OBJC_ROOT_CLASS = YES_ERROR;
				CLANG_WARN_QUOTED_INCLUDE_IN_FRAMEWORK_HEADER = YES;
				CLANG_WARN_RANGE_LOOP_ANALYSIS = YES;
				CLANG_WARN_STRICT_PROTOTYPES = YES;
				CLANG_WARN_SUSPICIOUS_MOVE = YES;
				CLANG_WARN_UNGUARDED_AVAILABILITY = YES_AGGRESSIVE;
				CLANG_WARN_UNREACHABLE_CODE = YES;
				CLANG_WARN__DUPLICATE_METHOD_MATCH = YES;
				COPY_PHASE_STRIP = NO;
				DEBUG_INFORMATION_FORMAT = "dwarf-with-dsym";
				ENABLE_NS_ASSERTIONS = NO;
				ENABLE_STRICT_OBJC_MSGSEND = YES;
				ENABLE_USER_SCRIPT_SANDBOXING = YES;
				GCC_C_LANGUAGE_STANDARD = gnu17;
				GCC_NO_COMMON_BLOCKS = YES;
				GCC_WARN_64_TO_32_BIT_CONVERSION = YES;
				GCC_WARN_ABOUT_RETURN_TYPE = YES_ERROR;
				GCC_WARN_UNDECLARED_SELECTOR = YES;
				GCC_WARN_UNINITIALIZED_AUTOS = YES_AGGRESSIVE;
				GCC_WARN_UNUSED_FUNCTION = YES;
				GCC_WARN_UNUSED_VARIABLE = YES;
				MACOSX_DEPLOYMENT_TARGET = 14.0;
				MTL_ENABLE_DEBUG_INFO = NO;
				MTL_FAST_MATH = YES;
				SDKROOT = macosx;
				SWIFT_COMPILATION_MODE = wholemodule;
			};
			name = Release;
		};
		DBG002 /* Debug */ = {
			isa = XCBuildConfiguration;
			buildSettings = {
				ASSETCATALOG_COMPILER_APPICON_NAME = AppIcon;
				ASSETCATALOG_COMPILER_GLOBAL_ACCENT_COLOR_NAME = AccentColor;
				CODE_SIGN_ENTITLEMENTS = "";
				CODE_SIGN_IDENTITY = "-";
				CODE_SIGN_STYLE = Manual;
				COMBINE_HIDPI_IMAGES = YES;
				CURRENT_PROJECT_VERSION = 1;
				DEVELOPMENT_TEAM = "";
				ENABLE_HARDENED_RUNTIME = NO;
				GENERATE_INFOPLIST_FILE = YES;
				INFOPLIST_KEY_CFBundleDisplayName = TaskScratchpad;
				INFOPLIST_KEY_LSApplicationCategoryType = "public.app-category.productivity";
				INFOPLIST_KEY_NSHumanReadableCopyright = "";
				LD_RUNPATH_SEARCH_PATHS = (
					"$(inherited)",
					"@executable_path/../Frameworks",
				);
				MARKETING_VERSION = 1.0;
				PRODUCT_BUNDLE_IDENTIFIER = com.taskscratchpad.app;
				PRODUCT_NAME = "$(TARGET_NAME)";
				SWIFT_EMIT_LOC_STRINGS = YES;
				SWIFT_VERSION = 5.0;
			};
			name = Debug;
		};
		REL002 /* Release */ = {
			isa = XCBuildConfiguration;
			buildSettings = {
				ASSETCATALOG_COMPILER_APPICON_NAME = AppIcon;
				ASSETCATALOG_COMPILER_GLOBAL_ACCENT_COLOR_NAME = AccentColor;
				CODE_SIGN_ENTITLEMENTS = "";
				CODE_SIGN_IDENTITY = "-";
				CODE_SIGN_STYLE = Manual;
				COMBINE_HIDPI_IMAGES = YES;
				CURRENT_PROJECT_VERSION = 1;
				DEVELOPMENT_TEAM = "";
				ENABLE_HARDENED_RUNTIME = NO;
				GENERATE_INFOPLIST_FILE = YES;
				INFOPLIST_KEY_CFBundleDisplayName = TaskScratchpad;
				INFOPLIST_KEY_LSApplicationCategoryType = "public.app-category.productivity";
				INFOPLIST_KEY_NSHumanReadableCopyright = "";
				LD_RUNPATH_SEARCH_PATHS = (
					"$(inherited)",
					"@executable_path/../Frameworks",
				);
				MARKETING_VERSION = 1.0;
				PRODUCT_BUNDLE_IDENTIFIER = com.taskscratchpad.app;
				PRODUCT_NAME = "$(TARGET_NAME)";
				SWIFT_EMIT_LOC_STRINGS = YES;
				SWIFT_VERSION = 5.0;
			};
			name = Release;
		};
		DBG003 /* Debug */ = {
			isa = XCBuildConfiguration;
			buildSettings = {
				CODE_SIGN_IDENTITY = "-";
				CODE_SIGN_STYLE = Manual;
				CURRENT_PROJECT_VERSION = 1;
				DEVELOPMENT_TEAM = "";
				GENERATE_INFOPLIST_FILE = YES;
				MARKETING_VERSION = 1.0;
				PRODUCT_BUNDLE_IDENTIFIER = com.taskscratchpad.app.uitests;
				PRODUCT_NAME = "$(TARGET_NAME)";
				SWIFT_EMIT_LOC_STRINGS = NO;
				SWIFT_VERSION = 5.0;
				TEST_TARGET_NAME = TaskScratchpad;
			};
			name = Debug;
		};
		REL003 /* Release */ = {
			isa = XCBuildConfiguration;
			buildSettings = {
				CODE_SIGN_IDENTITY = "-";
				CODE_SIGN_STYLE = Manual;
				CURRENT_PROJECT_VERSION = 1;
				DEVELOPMENT_TEAM = "";
				GENERATE_INFOPLIST_FILE = YES;
				MARKETING_VERSION = 1.0;
				PRODUCT_BUNDLE_IDENTIFIER = com.taskscratchpad.app.uitests;
				PRODUCT_NAME = "$(TARGET_NAME)";
				SWIFT_EMIT_LOC_STRINGS = NO;
				SWIFT_VERSION = 5.0;
				TEST_TARGET_NAME = TaskScratchpad;
			};
			name = Release;
		};
/* End XCBuildConfiguration section */

/* Begin XCConfigurationList section */
		CFG001 /* Build configuration list for PBXNativeTarget "TaskScratchpad" */ = {
			isa = XCConfigurationList;
			buildConfigurations = (
				DBG002 /* Debug */,
				REL002 /* Release */,
			);
			defaultConfigurationIsVisible = 0;
			defaultConfigurationName = Release;
		};
		CFG002 /* Build configuration list for PBXNativeTarget "TaskScratchpadUITests" */ = {
			isa = XCConfigurationList;
			buildConfigurations = (
				DBG003 /* Debug */,
				REL003 /* Release */,
			);
			defaultConfigurationIsVisible = 0;
			defaultConfigurationName = Release;
		};
		CFG003 /* Build configuration list for PBXProject "TaskScratchpad" */ = {
			isa = XCConfigurationList;
			buildConfigurations = (
				DBG001 /* Debug */,
				REL001 /* Release */,
			);
			defaultConfigurationIsVisible = 0;
			defaultConfigurationName = Release;
		};
/* End XCConfigurationList section */
	};
	rootObject = ROOT001 /* Project object */;
}
